# THIS IS AN AUTOGENERATED FILE. DO NOT EDIT THIS FILE DIRECTLY.
# yarn lockfile v1


hey-quest@^1.1.0:
  version "1.1.1"
  resolved "https://registry.yarnpkg.com/hey-quest/-/hey-quest-1.1.1.tgz#0f9a716939c4d990e667e5b8b74bff1e370bc576"
  integrity sha512-YGlPrgwxqp7CgMbLDAYzrGK+N7dC4H/qdwcXL240T5cLtuurdZKKDscGS+Lm+EXmlHQUUNopQWe/dAOgORdpPA==
  dependencies:
    node-fetch "^2.6.0"

node-fetch@^2.6.0:
  version "2.6.0"
  resolved "https://registry.yarnpkg.com/node-fetch/-/node-fetch-2.6.0.tgz#e633456386d4aa55863f676a7ab0daa8fdecb0fd"
  integrity sha512-8dG4H5ujfvFiqDmVu9fQ5bOHUC15JMjMY/Zumv26oOvvVJjM67KF8koCWIabKQ1GJIa9r2mMZscBq/TbdOcmNA==
