# THIS IS AN AUTOGENERATED FILE. DO NOT EDIT THIS FILE DIRECTLY.
# yarn lockfile v1


hey-quest@^1.1.0:
  version "1.1.0"
  resolved "https://registry.yarnpkg.com/hey-quest/-/hey-quest-1.1.0.tgz#de051e28b1fca2fea04d478c5a90f5c7410ae980"
  integrity sha512-4W2ovvXa38SaGlZBhYAcDSOBN422/LOabE5QhC3LB/Sfb3MgdKAqNbBmqJ9qOQX5dCvNH0E38rcJ+nTBxSxVcg==
  dependencies:
    node-fetch "^2.6.0"

node-fetch@^2.6.0:
  version "2.6.0"
  resolved "https://registry.yarnpkg.com/node-fetch/-/node-fetch-2.6.0.tgz#e633456386d4aa55863f676a7ab0daa8fdecb0fd"
  integrity sha512-8dG4H5ujfvFiqDmVu9fQ5bOHUC15JMjMY/Zumv26oOvvVJjM67KF8koCWIabKQ1GJIa9r2mMZscBq/TbdOcmNA==
