# THIS IS AN AUTOGENERATED FILE. DO NOT EDIT THIS FILE DIRECTLY.
# yarn lockfile v1


hey-quest@^1.1.0:
  version "1.1.4"
  resolved "https://registry.yarnpkg.com/hey-quest/-/hey-quest-1.1.4.tgz#cc70c3183653fb4107efceab21a84a9e2eb02912"
  integrity sha512-F0fyai+ySNuv96BXr1FZFKwTu0KaWdFOM5cT3bVMlQq1pTM5BbUnsJ+NXKKcn/aew6vWub+QAW7VISk0HJ5OfA==
  dependencies:
    node-fetch "^2.6.0"

node-fetch@^2.6.0:
  version "2.6.0"
  resolved "https://registry.yarnpkg.com/node-fetch/-/node-fetch-2.6.0.tgz#e633456386d4aa55863f676a7ab0daa8fdecb0fd"
  integrity sha512-8dG4H5ujfvFiqDmVu9fQ5bOHUC15JMjMY/Zumv26oOvvVJjM67KF8koCWIabKQ1GJIa9r2mMZscBq/TbdOcmNA==
